version = 1
revision = 2
requires-python = ">=3.13.3"

[[package]]
name = "asgiref"
version = "3.8.1"
source = { registry = "https://pypi.org/simple" }
sdist = { url = "https://files.pythonhosted.org/packages/29/38/b3395cc9ad1b56d2ddac9970bc8f4141312dbaec28bc7c218b0dfafd0f42/asgiref-3.8.1.tar.gz", hash = "sha256:c343bd80a0bec947a9860adb4c432ffa7db769836c64238fc34bdc3fec84d590", size = 35186, upload-time = "2024-03-22T14:39:36.863Z" }
wheels = [
    { url = "https://files.pythonhosted.org/packages/39/e3/893e8757be2612e6c266d9bb58ad2e3651524b5b40cf56761e985a28b13e/asgiref-3.8.1-py3-none-any.whl", hash = "sha256:3e1e3ecc849832fe52ccf2cb6686b7a55f82bb1d6aee72a58826471390335e47", size = 23828, upload-time = "2024-03-22T14:39:34.521Z" },
]

[[package]]
name = "bagualespos"
version = "0.1.0"
source = { virtual = "." }
dependencies = [
    { name = "django" },
    { name = "django-autocomplete-light" },
    { name = "django-environ" },
    { name = "gunicorn" },
    { name = "pillow" },
    { name = "psycopg", extra = ["binary"] },
]

[package.optional-dependencies]
dev = [
    { name = "django-livereload-server" },
]

[package.metadata]
requires-dist = [
    { name = "django", specifier = "==5.2" },
    { name = "django-autocomplete-light", specifier = "==3.12.1" },
    { name = "django-environ", specifier = "==0.12.0" },
    { name = "django-livereload-server", marker = "extra == 'dev'", specifier = "==0.5.1" },
    { name = "gunicorn", specifier = "==23.0.0" },
    { name = "pillow", specifier = "==11.1.0" },
    { name = "psycopg", extras = ["binary"], specifier = "==3.2.7" },
]
provides-extras = ["dev"]

[[package]]
name = "django"
version = "5.2"
source = { registry = "https://pypi.org/simple" }
dependencies = [
    { name = "asgiref" },
    { name = "sqlparse" },
    { name = "tzdata", marker = "sys_platform == 'win32'" },
]
sdist = { url = "https://files.pythonhosted.org/packages/4c/1b/c6da718c65228eb3a7ff7ba6a32d8e80fa840ca9057490504e099e4dd1ef/Django-5.2.tar.gz", hash = "sha256:1a47f7a7a3d43ce64570d350e008d2949abe8c7e21737b351b6a1611277c6d89", size = 10824891, upload-time = "2025-04-02T13:08:06.874Z" }
wheels = [
    { url = "https://files.pythonhosted.org/packages/63/e0/6a5b5ea350c5bd63fe94b05e4c146c18facb51229d9dee42aa39f9fc2214/Django-5.2-py3-none-any.whl", hash = "sha256:91ceed4e3a6db5aedced65e3c8f963118ea9ba753fc620831c77074e620e7d83", size = 8301361, upload-time = "2025-04-02T13:08:01.465Z" },
]

[[package]]
name = "django-autocomplete-light"
version = "3.12.1"
source = { registry = "https://pypi.org/simple" }
dependencies = [
    { name = "django" },
]
sdist = { url = "https://files.pythonhosted.org/packages/bc/49/fd4705cd96f313d858f9a8c5fce1c33f1f61adb6b25acc92a924acf0a305/django_autocomplete_light-3.12.1.tar.gz", hash = "sha256:50f7b83681feec6491c38e6114d7a4fe80f9e99a8cc6c8458a3e7bb137ad6b1d", size = 296420, upload-time = "2025-02-26T08:21:16.332Z" }

[[package]]
name = "django-environ"
version = "0.12.0"
source = { registry = "https://pypi.org/simple" }
sdist = { url = "https://files.pythonhosted.org/packages/d6/04/65d2521842c42f4716225f20d8443a50804920606aec018188bbee30a6b0/django_environ-0.12.0.tar.gz", hash = "sha256:227dc891453dd5bde769c3449cf4a74b6f2ee8f7ab2361c93a07068f4179041a", size = 56804, upload-time = "2025-01-13T17:03:37.74Z" }
wheels = [
    { url = "https://files.pythonhosted.org/packages/83/b3/0a3bec4ecbfee960f39b1842c2f91e4754251e0a6ed443db9fe3f666ba8f/django_environ-0.12.0-py2.py3-none-any.whl", hash = "sha256:92fb346a158abda07ffe6eb23135ce92843af06ecf8753f43adf9d2366dcc0ca", size = 19957, upload-time = "2025-01-13T17:03:32.918Z" },
]

[[package]]
name = "django-livereload-server"
version = "0.5.1"
source = { registry = "https://pypi.org/simple" }
dependencies = [
    { name = "django" },
    { name = "tornado" },
]
sdist = { url = "https://files.pythonhosted.org/packages/79/56/313c43b871d4cc167260faf2924a72ffa9105cdd78faf028341338115800/django-livereload-server-0.5.1.tar.gz", hash = "sha256:e1fecca2a74ec87235bbfdf8b63365499324d9a87017427e5d297711d1cd532d", size = 23111, upload-time = "2023-12-19T23:22:02.289Z" }
wheels = [
    { url = "https://files.pythonhosted.org/packages/8c/cd/77566526193cb49e805bd33a6b982ba5a39f3a7f828dd6647a76bf977f3c/django_livereload_server-0.5.1-py2.py3-none-any.whl", hash = "sha256:e03bd65d1679ef1b4a5e22e2a77d11d3cfb0e3d21ae25afba49e280924ba6f58", size = 25920, upload-time = "2023-12-19T23:22:00.494Z" },
]

[[package]]
name = "gunicorn"
version = "23.0.0"
source = { registry = "https://pypi.org/simple" }
dependencies = [
    { name = "packaging" },
]
sdist = { url = "https://files.pythonhosted.org/packages/34/72/9614c465dc206155d93eff0ca20d42e1e35afc533971379482de953521a4/gunicorn-23.0.0.tar.gz", hash = "sha256:f014447a0101dc57e294f6c18ca6b40227a4c90e9bdb586042628030cba004ec", size = 375031, upload-time = "2024-08-10T20:25:27.378Z" }
wheels = [
    { url = "https://files.pythonhosted.org/packages/cb/7d/6dac2a6e1eba33ee43f318edbed4ff29151a49b5d37f080aad1e6469bca4/gunicorn-23.0.0-py3-none-any.whl", hash = "sha256:ec400d38950de4dfd418cff8328b2c8faed0edb0d517d3394e457c317908ca4d", size = 85029, upload-time = "2024-08-10T20:25:24.996Z" },
]

[[package]]
name = "packaging"
version = "25.0"
source = { registry = "https://pypi.org/simple" }
sdist = { url = "https://files.pythonhosted.org/packages/a1/d4/1fc4078c65507b51b96ca8f8c3ba19e6a61c8253c72794544580a7b6c24d/packaging-25.0.tar.gz", hash = "sha256:d443872c98d677bf60f6a1f2f8c1cb748e8fe762d2bf9d3148b5599295b0fc4f", size = 165727, upload-time = "2025-04-19T11:48:59.673Z" }
wheels = [
    { url = "https://files.pythonhosted.org/packages/20/12/38679034af332785aac8774540895e234f4d07f7545804097de4b666afd8/packaging-25.0-py3-none-any.whl", hash = "sha256:29572ef2b1f17581046b3a2227d5c611fb25ec70ca1ba8554b24b0e69331a484", size = 66469, upload-time = "2025-04-19T11:48:57.875Z" },
]

[[package]]
name = "pillow"
version = "11.1.0"
source = { registry = "https://pypi.org/simple" }
sdist = { url = "https://files.pythonhosted.org/packages/f3/af/c097e544e7bd278333db77933e535098c259609c4eb3b85381109602fb5b/pillow-11.1.0.tar.gz", hash = "sha256:368da70808b36d73b4b390a8ffac11069f8a5c85f29eff1f1b01bcf3ef5b2a20", size = 46742715, upload-time = "2025-01-02T08:13:58.407Z" }
wheels = [
    { url = "https://files.pythonhosted.org/packages/b3/31/9ca79cafdce364fd5c980cd3416c20ce1bebd235b470d262f9d24d810184/pillow-11.1.0-cp313-cp313-macosx_10_13_x86_64.whl", hash = "sha256:ae98e14432d458fc3de11a77ccb3ae65ddce70f730e7c76140653048c71bfcbc", size = 3226640, upload-time = "2025-01-02T08:11:58.329Z" },
    { url = "https://files.pythonhosted.org/packages/ac/0f/ff07ad45a1f172a497aa393b13a9d81a32e1477ef0e869d030e3c1532521/pillow-11.1.0-cp313-cp313-macosx_11_0_arm64.whl", hash = "sha256:cc1331b6d5a6e144aeb5e626f4375f5b7ae9934ba620c0ac6b3e43d5e683a0f0", size = 3101437, upload-time = "2025-01-02T08:12:01.797Z" },
    { url = "https://files.pythonhosted.org/packages/08/2f/9906fca87a68d29ec4530be1f893149e0cb64a86d1f9f70a7cfcdfe8ae44/pillow-11.1.0-cp313-cp313-manylinux_2_17_aarch64.manylinux2014_aarch64.whl", hash = "sha256:758e9d4ef15d3560214cddbc97b8ef3ef86ce04d62ddac17ad39ba87e89bd3b1", size = 4326605, upload-time = "2025-01-02T08:12:05.224Z" },
    { url = "https://files.pythonhosted.org/packages/b0/0f/f3547ee15b145bc5c8b336401b2d4c9d9da67da9dcb572d7c0d4103d2c69/pillow-11.1.0-cp313-cp313-manylinux_2_17_x86_64.manylinux2014_x86_64.whl", hash = "sha256:b523466b1a31d0dcef7c5be1f20b942919b62fd6e9a9be199d035509cbefc0ec", size = 4411173, upload-time = "2025-01-02T08:12:08.281Z" },
    { url = "https://files.pythonhosted.org/packages/b1/df/bf8176aa5db515c5de584c5e00df9bab0713548fd780c82a86cba2c2fedb/pillow-11.1.0-cp313-cp313-manylinux_2_28_aarch64.whl", hash = "sha256:9044b5e4f7083f209c4e35aa5dd54b1dd5b112b108648f5c902ad586d4f945c5", size = 4369145, upload-time = "2025-01-02T08:12:11.411Z" },
    { url = "https://files.pythonhosted.org/packages/de/7c/7433122d1cfadc740f577cb55526fdc39129a648ac65ce64db2eb7209277/pillow-11.1.0-cp313-cp313-manylinux_2_28_x86_64.whl", hash = "sha256:3764d53e09cdedd91bee65c2527815d315c6b90d7b8b79759cc48d7bf5d4f114", size = 4496340, upload-time = "2025-01-02T08:12:15.29Z" },
    { url = "https://files.pythonhosted.org/packages/25/46/dd94b93ca6bd555588835f2504bd90c00d5438fe131cf01cfa0c5131a19d/pillow-11.1.0-cp313-cp313-musllinux_1_2_aarch64.whl", hash = "sha256:31eba6bbdd27dde97b0174ddf0297d7a9c3a507a8a1480e1e60ef914fe23d352", size = 4296906, upload-time = "2025-01-02T08:12:17.485Z" },
    { url = "https://files.pythonhosted.org/packages/a8/28/2f9d32014dfc7753e586db9add35b8a41b7a3b46540e965cb6d6bc607bd2/pillow-11.1.0-cp313-cp313-musllinux_1_2_x86_64.whl", hash = "sha256:b5d658fbd9f0d6eea113aea286b21d3cd4d3fd978157cbf2447a6035916506d3", size = 4431759, upload-time = "2025-01-02T08:12:20.382Z" },
    { url = "https://files.pythonhosted.org/packages/33/48/19c2cbe7403870fbe8b7737d19eb013f46299cdfe4501573367f6396c775/pillow-11.1.0-cp313-cp313-win32.whl", hash = "sha256:f86d3a7a9af5d826744fabf4afd15b9dfef44fe69a98541f666f66fbb8d3fef9", size = 2291657, upload-time = "2025-01-02T08:12:23.922Z" },
    { url = "https://files.pythonhosted.org/packages/3b/ad/285c556747d34c399f332ba7c1a595ba245796ef3e22eae190f5364bb62b/pillow-11.1.0-cp313-cp313-win_amd64.whl", hash = "sha256:593c5fd6be85da83656b93ffcccc2312d2d149d251e98588b14fbc288fd8909c", size = 2626304, upload-time = "2025-01-02T08:12:28.069Z" },
    { url = "https://files.pythonhosted.org/packages/e5/7b/ef35a71163bf36db06e9c8729608f78dedf032fc8313d19bd4be5c2588f3/pillow-11.1.0-cp313-cp313-win_arm64.whl", hash = "sha256:11633d58b6ee5733bde153a8dafd25e505ea3d32e261accd388827ee987baf65", size = 2375117, upload-time = "2025-01-02T08:12:30.064Z" },
    { url = "https://files.pythonhosted.org/packages/79/30/77f54228401e84d6791354888549b45824ab0ffde659bafa67956303a09f/pillow-11.1.0-cp313-cp313t-macosx_10_13_x86_64.whl", hash = "sha256:70ca5ef3b3b1c4a0812b5c63c57c23b63e53bc38e758b37a951e5bc466449861", size = 3230060, upload-time = "2025-01-02T08:12:32.362Z" },
    { url = "https://files.pythonhosted.org/packages/ce/b1/56723b74b07dd64c1010fee011951ea9c35a43d8020acd03111f14298225/pillow-11.1.0-cp313-cp313t-macosx_11_0_arm64.whl", hash = "sha256:8000376f139d4d38d6851eb149b321a52bb8893a88dae8ee7d95840431977081", size = 3106192, upload-time = "2025-01-02T08:12:34.361Z" },
    { url = "https://files.pythonhosted.org/packages/e1/cd/7bf7180e08f80a4dcc6b4c3a0aa9e0b0ae57168562726a05dc8aa8fa66b0/pillow-11.1.0-cp313-cp313t-manylinux_2_17_x86_64.manylinux2014_x86_64.whl", hash = "sha256:9ee85f0696a17dd28fbcfceb59f9510aa71934b483d1f5601d1030c3c8304f3c", size = 4446805, upload-time = "2025-01-02T08:12:36.99Z" },
    { url = "https://files.pythonhosted.org/packages/97/42/87c856ea30c8ed97e8efbe672b58c8304dee0573f8c7cab62ae9e31db6ae/pillow-11.1.0-cp313-cp313t-manylinux_2_28_x86_64.whl", hash = "sha256:dd0e081319328928531df7a0e63621caf67652c8464303fd102141b785ef9547", size = 4530623, upload-time = "2025-01-02T08:12:41.912Z" },
    { url = "https://files.pythonhosted.org/packages/ff/41/026879e90c84a88e33fb00cc6bd915ac2743c67e87a18f80270dfe3c2041/pillow-11.1.0-cp313-cp313t-musllinux_1_2_x86_64.whl", hash = "sha256:e63e4e5081de46517099dc30abe418122f54531a6ae2ebc8680bcd7096860eab", size = 4465191, upload-time = "2025-01-02T08:12:45.186Z" },
    { url = "https://files.pythonhosted.org/packages/e5/fb/a7960e838bc5df57a2ce23183bfd2290d97c33028b96bde332a9057834d3/pillow-11.1.0-cp313-cp313t-win32.whl", hash = "sha256:dda60aa465b861324e65a78c9f5cf0f4bc713e4309f83bc387be158b077963d9", size = 2295494, upload-time = "2025-01-02T08:12:47.098Z" },
    { url = "https://files.pythonhosted.org/packages/d7/6c/6ec83ee2f6f0fda8d4cf89045c6be4b0373ebfc363ba8538f8c999f63fcd/pillow-11.1.0-cp313-cp313t-win_amd64.whl", hash = "sha256:ad5db5781c774ab9a9b2c4302bbf0c1014960a0a7be63278d13ae6fdf88126fe", size = 2631595, upload-time = "2025-01-02T08:12:50.47Z" },
    { url = "https://files.pythonhosted.org/packages/cf/6c/41c21c6c8af92b9fea313aa47c75de49e2f9a467964ee33eb0135d47eb64/pillow-11.1.0-cp313-cp313t-win_arm64.whl", hash = "sha256:67cd427c68926108778a9005f2a04adbd5e67c442ed21d95389fe1d595458756", size = 2377651, upload-time = "2025-01-02T08:12:53.356Z" },
]

[[package]]
name = "psycopg"
version = "3.2.7"
source = { registry = "https://pypi.org/simple" }
dependencies = [
    { name = "tzdata", marker = "sys_platform == 'win32'" },
]
sdist = { url = "https://files.pythonhosted.org/packages/fe/16/ca27b38762a630b70243f51eb6a728f903a17cddc4961626fa540577aba6/psycopg-3.2.7.tar.gz", hash = "sha256:9afa609c7ebf139827a38c0bf61be9c024a3ed743f56443de9d38e1efc260bf3", size = 157238, upload-time = "2025-04-30T13:05:22.867Z" }
wheels = [
    { url = "https://files.pythonhosted.org/packages/cb/eb/6e32d259437125a17b0bc2624e06c86149c618501da1dcbc8539b2684f6f/psycopg-3.2.7-py3-none-any.whl", hash = "sha256:d39747d2d5b9658b69fa462ad21d31f1ba4a5722ad1d0cb952552bc0b4125451", size = 200028, upload-time = "2025-04-30T12:59:32.435Z" },
]

[package.optional-dependencies]
binary = [
    { name = "psycopg-binary", marker = "implementation_name != 'pypy'" },
]

[[package]]
name = "psycopg-binary"
version = "3.2.7"
source = { registry = "https://pypi.org/simple" }
wheels = [
    { url = "https://files.pythonhosted.org/packages/3f/c8/590d8ca19e66810f7943a5c325f18bd29be472d2fa1bbee93905623a26fa/psycopg_binary-3.2.7-cp313-cp313-macosx_10_13_x86_64.whl", hash = "sha256:3b280862c623616e0ced03602c98b44f51ab8cdaaad31f6b3523a2a68b2f92a4", size = 3853314, upload-time = "2025-04-30T13:02:37.469Z" },
    { url = "https://files.pythonhosted.org/packages/38/18/af7db2c61d50f86f38ba6d7e5b6aff4d138b9238f5cb9d6c57b49e80eb21/psycopg_binary-3.2.7-cp313-cp313-macosx_11_0_arm64.whl", hash = "sha256:add318f12dc2be4d8a817e70c38cfd23a2af80ff6f871089e63012b62bf96f00", size = 3937308, upload-time = "2025-04-30T13:02:45.584Z" },
    { url = "https://files.pythonhosted.org/packages/c4/a4/d483311c22d4ae7a31dd643926309c480a54252ecb27a8fba654dba1753b/psycopg_binary-3.2.7-cp313-cp313-manylinux_2_17_aarch64.manylinux2014_aarch64.whl", hash = "sha256:03994806e62e795b1b286c60bb5d23e1cc3982b06192e87ec4dff0a0f7c528e2", size = 4500116, upload-time = "2025-04-30T13:02:51.525Z" },
    { url = "https://files.pythonhosted.org/packages/82/03/7047b4247a578fe296510e10c1ebcdf42009f4c022f924f697a6145a1062/psycopg_binary-3.2.7-cp313-cp313-manylinux_2_17_i686.manylinux2014_i686.whl", hash = "sha256:77709be5dc45828ca06d9d87fa7b065720fb87b1aa3e72d44177562f1df50ad2", size = 4312005, upload-time = "2025-04-30T13:02:55.806Z" },
    { url = "https://files.pythonhosted.org/packages/5b/a4/28dec7beddea4a93089dfa4692124a057914f0e6f5164712f9ae7ee97a8b/psycopg_binary-3.2.7-cp313-cp313-manylinux_2_17_ppc64le.manylinux2014_ppc64le.whl", hash = "sha256:64d959a17ac2f1ff87a191786f66ae452791fbe73cee7375f2dafd2696e605a9", size = 4548230, upload-time = "2025-04-30T13:03:00.174Z" },
    { url = "https://files.pythonhosted.org/packages/51/ac/4b7e86fec44c428f27f28d742c13568419cc3d2a2b4dcc1be9b266ee9123/psycopg_binary-3.2.7-cp313-cp313-manylinux_2_17_x86_64.manylinux2014_x86_64.whl", hash = "sha256:239e24fa33c6213320da0aee72d541e4780adb21753fc692337043c235118cf1", size = 4262584, upload-time = "2025-04-30T13:03:05.347Z" },
    { url = "https://files.pythonhosted.org/packages/05/b6/814805218644a0865c529221cc3413adba25b0d80a7db5f3e50e25c539ce/psycopg_binary-3.2.7-cp313-cp313-musllinux_1_2_aarch64.whl", hash = "sha256:d31c0523e0294e008d9031f2f2034a010f043ae8c7af0589d614b0bf6ed6e6aa", size = 3755762, upload-time = "2025-04-30T13:03:10.112Z" },
    { url = "https://files.pythonhosted.org/packages/58/b8/efa94ca4aff949324a52bdf62a9518939375af3048b7d025620d0e385ef8/psycopg_binary-3.2.7-cp313-cp313-musllinux_1_2_i686.whl", hash = "sha256:a15c88f1695c8dc8b90625931fe86909c74f7770bad7312999ee6babb0143dcc", size = 3319679, upload-time = "2025-04-30T13:03:15.068Z" },
    { url = "https://files.pythonhosted.org/packages/0e/3f/dd3a912abaa4ff2816e9a1e90c775f33315278f7d01621e874f5b5e83ada/psycopg_binary-3.2.7-cp313-cp313-musllinux_1_2_ppc64le.whl", hash = "sha256:3c02790afcc6d82d1b9d886d9323f955c5c998693966c4c1e6d0ff9a96276a1e", size = 3409378, upload-time = "2025-04-30T13:03:20.422Z" },
    { url = "https://files.pythonhosted.org/packages/35/44/1ee04f0eae2dd9a75cf519792e95a00d5c7eb91b8ec341e2660fd0b4a033/psycopg_binary-3.2.7-cp313-cp313-musllinux_1_2_x86_64.whl", hash = "sha256:1d2288a7f1d0dec1ccce50b4470751acb563689048752fdbf7a4a804df3a0e0d", size = 3475892, upload-time = "2025-04-30T13:03:25.686Z" },
    { url = "https://files.pythonhosted.org/packages/11/1e/5133e346f0138f13d04e38f4b3976dc92ab4a1d72fc18f1199552c0bde3c/psycopg_binary-3.2.7-cp313-cp313-win_amd64.whl", hash = "sha256:c3781beaffb33fce17d8f137b003ebd930a7148eab2a1f60628e86c3d67884ea", size = 2927499, upload-time = "2025-04-30T13:03:31.398Z" },
]

[[package]]
name = "sqlparse"
version = "0.5.3"
source = { registry = "https://pypi.org/simple" }
sdist = { url = "https://files.pythonhosted.org/packages/e5/40/edede8dd6977b0d3da179a342c198ed100dd2aba4be081861ee5911e4da4/sqlparse-0.5.3.tar.gz", hash = "sha256:09f67787f56a0b16ecdbde1bfc7f5d9c3371ca683cfeaa8e6ff60b4807ec9272", size = 84999, upload-time = "2024-12-10T12:05:30.728Z" }
wheels = [
    { url = "https://files.pythonhosted.org/packages/a9/5c/bfd6bd0bf979426d405cc6e71eceb8701b148b16c21d2dc3c261efc61c7b/sqlparse-0.5.3-py3-none-any.whl", hash = "sha256:cf2196ed3418f3ba5de6af7e82c694a9fbdbfecccdfc72e281548517081f16ca", size = 44415, upload-time = "2024-12-10T12:05:27.824Z" },
]

[[package]]
name = "tornado"
version = "6.4.2"
source = { registry = "https://pypi.org/simple" }
sdist = { url = "https://files.pythonhosted.org/packages/59/45/a0daf161f7d6f36c3ea5fc0c2de619746cc3dd4c76402e9db545bd920f63/tornado-6.4.2.tar.gz", hash = "sha256:92bad5b4746e9879fd7bf1eb21dce4e3fc5128d71601f80005afa39237ad620b", size = 501135, upload-time = "2024-11-22T03:06:38.036Z" }
wheels = [
    { url = "https://files.pythonhosted.org/packages/26/7e/71f604d8cea1b58f82ba3590290b66da1e72d840aeb37e0d5f7291bd30db/tornado-6.4.2-cp38-abi3-macosx_10_9_universal2.whl", hash = "sha256:e828cce1123e9e44ae2a50a9de3055497ab1d0aeb440c5ac23064d9e44880da1", size = 436299, upload-time = "2024-11-22T03:06:20.162Z" },
    { url = "https://files.pythonhosted.org/packages/96/44/87543a3b99016d0bf54fdaab30d24bf0af2e848f1d13d34a3a5380aabe16/tornado-6.4.2-cp38-abi3-macosx_10_9_x86_64.whl", hash = "sha256:072ce12ada169c5b00b7d92a99ba089447ccc993ea2143c9ede887e0937aa803", size = 434253, upload-time = "2024-11-22T03:06:22.39Z" },
    { url = "https://files.pythonhosted.org/packages/cb/fb/fdf679b4ce51bcb7210801ef4f11fdac96e9885daa402861751353beea6e/tornado-6.4.2-cp38-abi3-manylinux_2_17_aarch64.manylinux2014_aarch64.whl", hash = "sha256:1a017d239bd1bb0919f72af256a970624241f070496635784d9bf0db640d3fec", size = 437602, upload-time = "2024-11-22T03:06:24.214Z" },
    { url = "https://files.pythonhosted.org/packages/4f/3b/e31aeffffc22b475a64dbeb273026a21b5b566f74dee48742817626c47dc/tornado-6.4.2-cp38-abi3-manylinux_2_5_i686.manylinux1_i686.manylinux_2_17_i686.manylinux2014_i686.whl", hash = "sha256:c36e62ce8f63409301537222faffcef7dfc5284f27eec227389f2ad11b09d946", size = 436972, upload-time = "2024-11-22T03:06:25.559Z" },
    { url = "https://files.pythonhosted.org/packages/22/55/b78a464de78051a30599ceb6983b01d8f732e6f69bf37b4ed07f642ac0fc/tornado-6.4.2-cp38-abi3-manylinux_2_5_x86_64.manylinux1_x86_64.manylinux_2_17_x86_64.manylinux2014_x86_64.whl", hash = "sha256:bca9eb02196e789c9cb5c3c7c0f04fb447dc2adffd95265b2c7223a8a615ccbf", size = 437173, upload-time = "2024-11-22T03:06:27.584Z" },
    { url = "https://files.pythonhosted.org/packages/79/5e/be4fb0d1684eb822c9a62fb18a3e44a06188f78aa466b2ad991d2ee31104/tornado-6.4.2-cp38-abi3-musllinux_1_2_aarch64.whl", hash = "sha256:304463bd0772442ff4d0f5149c6f1c2135a1fae045adf070821c6cdc76980634", size = 437892, upload-time = "2024-11-22T03:06:28.933Z" },
    { url = "https://files.pythonhosted.org/packages/f5/33/4f91fdd94ea36e1d796147003b490fe60a0215ac5737b6f9c65e160d4fe0/tornado-6.4.2-cp38-abi3-musllinux_1_2_i686.whl", hash = "sha256:c82c46813ba483a385ab2a99caeaedf92585a1f90defb5693351fa7e4ea0bf73", size = 437334, upload-time = "2024-11-22T03:06:30.428Z" },
    { url = "https://files.pythonhosted.org/packages/2b/ae/c1b22d4524b0e10da2f29a176fb2890386f7bd1f63aacf186444873a88a0/tornado-6.4.2-cp38-abi3-musllinux_1_2_x86_64.whl", hash = "sha256:932d195ca9015956fa502c6b56af9eb06106140d844a335590c1ec7f5277d10c", size = 437261, upload-time = "2024-11-22T03:06:32.458Z" },
    { url = "https://files.pythonhosted.org/packages/b5/25/36dbd49ab6d179bcfc4c6c093a51795a4f3bed380543a8242ac3517a1751/tornado-6.4.2-cp38-abi3-win32.whl", hash = "sha256:2876cef82e6c5978fde1e0d5b1f919d756968d5b4282418f3146b79b58556482", size = 438463, upload-time = "2024-11-22T03:06:34.71Z" },
    { url = "https://files.pythonhosted.org/packages/61/cc/58b1adeb1bb46228442081e746fcdbc4540905c87e8add7c277540934edb/tornado-6.4.2-cp38-abi3-win_amd64.whl", hash = "sha256:908b71bf3ff37d81073356a5fadcc660eb10c1476ee6e2725588626ce7e5ca38", size = 438907, upload-time = "2024-11-22T03:06:36.71Z" },
]

[[package]]
name = "tzdata"
version = "2025.2"
source = { registry = "https://pypi.org/simple" }
sdist = { url = "https://files.pythonhosted.org/packages/95/32/1a225d6164441be760d75c2c42e2780dc0873fe382da3e98a2e1e48361e5/tzdata-2025.2.tar.gz", hash = "sha256:b60a638fcc0daffadf82fe0f57e53d06bdec2f36c4df66280ae79bce6bd6f2b9", size = 196380, upload-time = "2025-03-23T13:54:43.652Z" }
wheels = [
    { url = "https://files.pythonhosted.org/packages/5c/23/c7abc0ca0a1526a0774eca151daeb8de62ec457e77262b66b359c3c7679e/tzdata-2025.2-py2.py3-none-any.whl", hash = "sha256:1a403fada01ff9221ca8044d701868fa132215d84beb92242d9acd2147f667a8", size = 347839, upload-time = "2025-03-23T13:54:41.845Z" },
]
